
Microsoft Visual Studio Solution File, Format Version 12.00
# Visual Studio 14
VisualStudioVersion = 14.0.25420.1
MinimumVisualStudioVersion = 10.0.40219.1
Project("{FAE04EC0-301F-11D3-BF4B-00C04F79EFBC}") = "nataC fo sreltteS", "nataC fo sreltteS\nataC fo sreltteS.csproj", "{E1DAFA69-35BD-4FD3-812D-72B1B37BDB1E}"
EndProject
Project("{FAE04EC0-301F-11D3-BF4B-00C04F79EFBC}") = "nataC Server", "nataC Server\nataC Server.csproj", "{6067F1F1-00A8-42D4-A54F-2A102E3E1A02}"
EndProject
Project("{FAE04EC0-301F-11D3-BF4B-00C04F79EFBC}") = "ServerTestProject", "ServerTestProject\ServerTestProject.csproj", "{FC6E70A0-204A-410B-8581-1517DBD3BF82}"
EndProject
Project("{FAE04EC0-301F-11D3-BF4B-00C04F79EFBC}") = "ClientUnitTestProject", "ClientUnitTestProject\ClientUnitTestProject.csproj", "{4B1DFD40-63D2-4A1D-8867-F4EF5C40B5A0}"
EndProject
Global
	GlobalSection(SolutionConfigurationPlatforms) = preSolution
		Debug|Any CPU = Debug|Any CPU
		Release|Any CPU = Release|Any CPU
	EndGlobalSection
	GlobalSection(ProjectConfigurationPlatforms) = postSolution
		{E1DAFA69-35BD-4FD3-812D-72B1B37BDB1E}.Debug|Any CPU.ActiveCfg = Debug|Any CPU
		{E1DAFA69-35BD-4FD3-812D-72B1B37BDB1E}.Debug|Any CPU.Build.0 = Debug|Any CPU
		{E1DAFA69-35BD-4FD3-812D-72B1B37BDB1E}.Release|Any CPU.ActiveCfg = Release|Any CPU
		{E1DAFA69-35BD-4FD3-812D-72B1B37BDB1E}.Release|Any CPU.Build.0 = Release|Any CPU
		{6067F1F1-00A8-42D4-A54F-2A102E3E1A02}.Debug|Any CPU.ActiveCfg = Debug|Any CPU
		{6067F1F1-00A8-42D4-A54F-2A102E3E1A02}.Debug|Any CPU.Build.0 = Debug|Any CPU
		{6067F1F1-00A8-42D4-A54F-2A102E3E1A02}.Release|Any CPU.ActiveCfg = Release|Any CPU
		{6067F1F1-00A8-42D4-A54F-2A102E3E1A02}.Release|Any CPU.Build.0 = Release|Any CPU
		{FC6E70A0-204A-410B-8581-1517DBD3BF82}.Debug|Any CPU.ActiveCfg = Debug|Any CPU
		{FC6E70A0-204A-410B-8581-1517DBD3BF82}.Debug|Any CPU.Build.0 = Debug|Any CPU
		{FC6E70A0-204A-410B-8581-1517DBD3BF82}.Release|Any CPU.ActiveCfg = Release|Any CPU
		{FC6E70A0-204A-410B-8581-1517DBD3BF82}.Release|Any CPU.Build.0 = Release|Any CPU
		{4B1DFD40-63D2-4A1D-8867-F4EF5C40B5A0}.Debug|Any CPU.ActiveCfg = Debug|Any CPU
		{4B1DFD40-63D2-4A1D-8867-F4EF5C40B5A0}.Debug|Any CPU.Build.0 = Debug|Any CPU
		{4B1DFD40-63D2-4A1D-8867-F4EF5C40B5A0}.Release|Any CPU.ActiveCfg = Release|Any CPU
		{4B1DFD40-63D2-4A1D-8867-F4EF5C40B5A0}.Release|Any CPU.Build.0 = Release|Any CPU
	EndGlobalSection
	GlobalSection(SolutionProperties) = preSolution
		HideSolutionNode = FALSE
	EndGlobalSection
EndGlobal
